PODS:
  - Alamofire (5.2.1)
  - PromiseKit (4.5.2):
    - PromiseKit/Foundation (= 4.5.2)
    - PromiseKit/QuartzCore (= 4.5.2)
    - PromiseKit/UIKit (= 4.5.2)
  - PromiseKit/CoreLocation (4.5.2):
    - PromiseKit/CorePromise
  - PromiseKit/CorePromise (4.5.2)
  - PromiseKit/Foundation (4.5.2):
    - PromiseKit/CorePromise
  - PromiseKit/MapKit (4.5.2):
    - PromiseKit/CorePromise
  - PromiseKit/QuartzCore (4.5.2):
    - PromiseKit/CorePromise
  - PromiseKit/UIKit (4.5.2):
    - PromiseKit/CorePromise

DEPENDENCIES:
  - Alamofire (~> 5.0)
  - PromiseKit (~> 4.4)
  - PromiseKit/CoreLocation
  - PromiseKit/MapKit

SPEC REPOS:
  trunk:
    - Alamofire
    - PromiseKit

SPEC CHECKSUMS:
  Alamofire: e911732990610fe89af59ac0077f923d72dc3dfd
  PromiseKit: 743e497a5f505a470d3bbbf4ce0663c1268af0a4

PODFILE CHECKSUM: 88cbd567a9ce8f0e74cacad6e34ba1177388d274

COCOAPODS: 1.9.1
